<?xml version="1.0" encoding="UTF-8"?>
<Project ToolsVersion="12.0" xmlns="http://schemas.microsoft.com/developer/msbuild/2003">
  <ItemGroup>
    <ClCompile Include="D:\MITK-ProjectTemplate\Plugins\my.awesomeproject.exampleplugin\src\internal\my_awesomeproject_exampleplugin_PluginActivator.cpp">
      <Filter>== Source Files ==</Filter>
    </ClCompile>
    <ClCompile Include="D:\MITK-ProjectTemplate\Plugins\my.awesomeproject.exampleplugin\src\internal\AwesomeView.cpp">
      <Filter>== Source Files ==</Filter>
    </ClCompile>
    <ClCompile Include="D:\MITK-AW-SP\AwesomeProject-build\Plugins\my.awesomeproject.exampleplugin\src\internal\moc_my_awesomeproject_exampleplugin_PluginActivator.cpp">
      <Filter>Generated</Filter>
    </ClCompile>
    <ClCompile Include="D:\MITK-AW-SP\AwesomeProject-build\Plugins\my.awesomeproject.exampleplugin\src\internal\moc_AwesomeView.cpp">
      <Filter>Generated</Filter>
    </ClCompile>
    <ClCompile Include="D:\MITK-AW-SP\AwesomeProject-build\Plugins\my.awesomeproject.exampleplugin\qrc_my_awesomeproject_exampleplugin_manifest.cpp">
      <Filter>Generated</Filter>
    </ClCompile>
    <ClCompile Include="D:\MITK-AW-SP\AwesomeProject-build\Plugins\my.awesomeproject.exampleplugin\qrc_my_awesomeproject_exampleplugin_cached.cpp">
      <Filter>Generated</Filter>
    </ClCompile>
  </ItemGroup>
  <ItemGroup>
    <ClInclude Include="D:\MITK-ProjectTemplate\Plugins\my.awesomeproject.exampleplugin\src\internal\my_awesomeproject_exampleplugin_PluginActivator.h">
      <Filter>== Header Files ==</Filter>
    </ClInclude>
    <ClInclude Include="D:\MITK-ProjectTemplate\Plugins\my.awesomeproject.exampleplugin\src\internal\AwesomeView.h">
      <Filter>== Header Files ==</Filter>
    </ClInclude>
    <ClInclude Include="D:\MITK-AW-SP\AwesomeProject-build\Plugins\my.awesomeproject.exampleplugin\ui_AwesomeViewControls.h">
      <Filter>Generated</Filter>
    </ClInclude>
  </ItemGroup>
  <ItemGroup>
    <CustomBuild Include="D:\MITK-ProjectTemplate\Plugins\my.awesomeproject.exampleplugin\CMakeLists.txt" />
    <CustomBuild Include="D:\MITK-AW-SP\AwesomeProject-build\CMakeFiles\5de0a1c15fd16364fa048c1caa35048b\moc_my_awesomeproject_exampleplugin_PluginActivator.cpp.rule">
      <Filter>CMake Rules</Filter>
    </CustomBuild>
    <CustomBuild Include="D:\MITK-AW-SP\AwesomeProject-build\CMakeFiles\5de0a1c15fd16364fa048c1caa35048b\moc_AwesomeView.cpp.rule">
      <Filter>CMake Rules</Filter>
    </CustomBuild>
    <CustomBuild Include="D:\MITK-ProjectTemplate\Plugins\my.awesomeproject.exampleplugin\src\internal\AwesomeViewControls.ui">
      <Filter>QT UI Files</Filter>
    </CustomBuild>
    <CustomBuild Include="D:\MITK-AW-SP\AwesomeProject-build\Plugins\my.awesomeproject.exampleplugin\my_awesomeproject_exampleplugin_manifest.qrc" />
    <CustomBuild Include="D:\MITK-AW-SP\AwesomeProject-build\Plugins\my.awesomeproject.exampleplugin\my_awesomeproject_exampleplugin_cached.qrc" />
  </ItemGroup>
  <ItemGroup>
    <Filter Include="CMake Rules">
      <UniqueIdentifier>{4C2FD5A7-6D79-3CF0-82F8-9F0675BE4927}</UniqueIdentifier>
    </Filter>
    <Filter Include="== Source Files ==">
      <UniqueIdentifier>{8C5F088B-902A-3708-B280-CB5DF504A6FE}</UniqueIdentifier>
    </Filter>
    <Filter Include="== Header Files ==">
      <UniqueIdentifier>{5AD8A393-59F1-30B3-B9F6-B370C1338CFC}</UniqueIdentifier>
    </Filter>
    <Filter Include="QT UI Files">
      <UniqueIdentifier>{1C125278-89DA-31E9-8CB9-F22E418FCAE1}</UniqueIdentifier>
    </Filter>
    <Filter Include="Generated">
      <UniqueIdentifier>{F0AAC733-FBFC-355E-A084-8D2AA5D62244}</UniqueIdentifier>
    </Filter>
  </ItemGroup>
</Project>
