Microsoft Visual Studio Solution File, Format Version 12.00
# Visual Studio 2013
Project("{8BC9CEB8-8B4A-11D0-8D11-00A0C91BC942}") = "ALL_BUILD", "ALL_BUILD.vcxproj", "{199AD401-57A2-322B-996C-B874B3BC734C}"
	ProjectSection(ProjectDependencies) = postProject
		{BF42D5EB-18A0-35D0-A91D-41F3BB13FE85} = {BF42D5EB-18A0-35D0-A91D-41F3BB13FE85}
		{475E180D-28F9-361C-8937-C633EFF36253} = {475E180D-28F9-361C-8937-C633EFF36253}
	EndProjectSection
EndProject
Project("{8BC9CEB8-8B4A-11D0-8D11-00A0C91BC942}") = "INSTALL", "INSTALL.vcxproj", "{815B954F-6E13-336F-905E-BF42CF24CDC1}"
	ProjectSection(ProjectDependencies) = postProject
		{199AD401-57A2-322B-996C-B874B3BC734C} = {199AD401-57A2-322B-996C-B874B3BC734C}
		{BF42D5EB-18A0-35D0-A91D-41F3BB13FE85} = {BF42D5EB-18A0-35D0-A91D-41F3BB13FE85}
	EndProjectSection
EndProject
Project("{8BC9CEB8-8B4A-11D0-8D11-00A0C91BC942}") = "MyAwesomeLib", "..\..\Modules\MyAwesomeLib\MyAwesomeLib.vcxproj", "{03DB99FD-33FD-3FC8-A9AD-7D983E059652}"
	ProjectSection(ProjectDependencies) = postProject
		{BF42D5EB-18A0-35D0-A91D-41F3BB13FE85} = {BF42D5EB-18A0-35D0-A91D-41F3BB13FE85}
	EndProjectSection
EndProject
Project("{8BC9CEB8-8B4A-11D0-8D11-00A0C91BC942}") = "PACKAGE", "PACKAGE.vcxproj", "{D74D8BA8-BFF8-3D03-8CC3-246F9891B87E}"
	ProjectSection(ProjectDependencies) = postProject
		{199AD401-57A2-322B-996C-B874B3BC734C} = {199AD401-57A2-322B-996C-B874B3BC734C}
		{BF42D5EB-18A0-35D0-A91D-41F3BB13FE85} = {BF42D5EB-18A0-35D0-A91D-41F3BB13FE85}
	EndProjectSection
EndProject
Project("{8BC9CEB8-8B4A-11D0-8D11-00A0C91BC942}") = "RUN_TESTS", "RUN_TESTS.vcxproj", "{CB20DFD5-B235-3014-9BC8-2BE7D96E4D2C}"
	ProjectSection(ProjectDependencies) = postProject
		{BF42D5EB-18A0-35D0-A91D-41F3BB13FE85} = {BF42D5EB-18A0-35D0-A91D-41F3BB13FE85}
	EndProjectSection
EndProject
Project("{8BC9CEB8-8B4A-11D0-8D11-00A0C91BC942}") = "ZERO_CHECK", "..\..\\ZERO_CHECK.vcxproj", "{BF42D5EB-18A0-35D0-A91D-41F3BB13FE85}"
	ProjectSection(ProjectDependencies) = postProject
	EndProjectSection
EndProject
Project("{8BC9CEB8-8B4A-11D0-8D11-00A0C91BC942}") = "my_awesomeproject_exampleplugin", "my_awesomeproject_exampleplugin.vcxproj", "{475E180D-28F9-361C-8937-C633EFF36253}"
	ProjectSection(ProjectDependencies) = postProject
		{03DB99FD-33FD-3FC8-A9AD-7D983E059652} = {03DB99FD-33FD-3FC8-A9AD-7D983E059652}
		{BF42D5EB-18A0-35D0-A91D-41F3BB13FE85} = {BF42D5EB-18A0-35D0-A91D-41F3BB13FE85}
	EndProjectSection
EndProject
Global
	GlobalSection(SolutionConfigurationPlatforms) = preSolution
		Debug|x64 = Debug|x64
		Release|x64 = Release|x64
		MinSizeRel|x64 = MinSizeRel|x64
		RelWithDebInfo|x64 = RelWithDebInfo|x64
	EndGlobalSection
	GlobalSection(ProjectConfigurationPlatforms) = postSolution
		{199AD401-57A2-322B-996C-B874B3BC734C}.Debug|x64.ActiveCfg = Debug|x64
		{199AD401-57A2-322B-996C-B874B3BC734C}.Debug|x64.Build.0 = Debug|x64
		{199AD401-57A2-322B-996C-B874B3BC734C}.Release|x64.ActiveCfg = Release|x64
		{199AD401-57A2-322B-996C-B874B3BC734C}.Release|x64.Build.0 = Release|x64
		{199AD401-57A2-322B-996C-B874B3BC734C}.MinSizeRel|x64.ActiveCfg = MinSizeRel|x64
		{199AD401-57A2-322B-996C-B874B3BC734C}.MinSizeRel|x64.Build.0 = MinSizeRel|x64
		{199AD401-57A2-322B-996C-B874B3BC734C}.RelWithDebInfo|x64.ActiveCfg = RelWithDebInfo|x64
		{199AD401-57A2-322B-996C-B874B3BC734C}.RelWithDebInfo|x64.Build.0 = RelWithDebInfo|x64
		{815B954F-6E13-336F-905E-BF42CF24CDC1}.Debug|x64.ActiveCfg = Debug|x64
		{815B954F-6E13-336F-905E-BF42CF24CDC1}.Release|x64.ActiveCfg = Release|x64
		{815B954F-6E13-336F-905E-BF42CF24CDC1}.MinSizeRel|x64.ActiveCfg = MinSizeRel|x64
		{815B954F-6E13-336F-905E-BF42CF24CDC1}.RelWithDebInfo|x64.ActiveCfg = RelWithDebInfo|x64
		{03DB99FD-33FD-3FC8-A9AD-7D983E059652}.Debug|x64.ActiveCfg = Debug|x64
		{03DB99FD-33FD-3FC8-A9AD-7D983E059652}.Debug|x64.Build.0 = Debug|x64
		{03DB99FD-33FD-3FC8-A9AD-7D983E059652}.Release|x64.ActiveCfg = Release|x64
		{03DB99FD-33FD-3FC8-A9AD-7D983E059652}.Release|x64.Build.0 = Release|x64
		{03DB99FD-33FD-3FC8-A9AD-7D983E059652}.MinSizeRel|x64.ActiveCfg = MinSizeRel|x64
		{03DB99FD-33FD-3FC8-A9AD-7D983E059652}.MinSizeRel|x64.Build.0 = MinSizeRel|x64
		{03DB99FD-33FD-3FC8-A9AD-7D983E059652}.RelWithDebInfo|x64.ActiveCfg = RelWithDebInfo|x64
		{03DB99FD-33FD-3FC8-A9AD-7D983E059652}.RelWithDebInfo|x64.Build.0 = RelWithDebInfo|x64
		{D74D8BA8-BFF8-3D03-8CC3-246F9891B87E}.Debug|x64.ActiveCfg = Debug|x64
		{D74D8BA8-BFF8-3D03-8CC3-246F9891B87E}.Release|x64.ActiveCfg = Release|x64
		{D74D8BA8-BFF8-3D03-8CC3-246F9891B87E}.MinSizeRel|x64.ActiveCfg = MinSizeRel|x64
		{D74D8BA8-BFF8-3D03-8CC3-246F9891B87E}.RelWithDebInfo|x64.ActiveCfg = RelWithDebInfo|x64
		{CB20DFD5-B235-3014-9BC8-2BE7D96E4D2C}.Debug|x64.ActiveCfg = Debug|x64
		{CB20DFD5-B235-3014-9BC8-2BE7D96E4D2C}.Release|x64.ActiveCfg = Release|x64
		{CB20DFD5-B235-3014-9BC8-2BE7D96E4D2C}.MinSizeRel|x64.ActiveCfg = MinSizeRel|x64
		{CB20DFD5-B235-3014-9BC8-2BE7D96E4D2C}.RelWithDebInfo|x64.ActiveCfg = RelWithDebInfo|x64
		{BF42D5EB-18A0-35D0-A91D-41F3BB13FE85}.Debug|x64.ActiveCfg = Debug|x64
		{BF42D5EB-18A0-35D0-A91D-41F3BB13FE85}.Debug|x64.Build.0 = Debug|x64
		{BF42D5EB-18A0-35D0-A91D-41F3BB13FE85}.Release|x64.ActiveCfg = Release|x64
		{BF42D5EB-18A0-35D0-A91D-41F3BB13FE85}.Release|x64.Build.0 = Release|x64
		{BF42D5EB-18A0-35D0-A91D-41F3BB13FE85}.MinSizeRel|x64.ActiveCfg = MinSizeRel|x64
		{BF42D5EB-18A0-35D0-A91D-41F3BB13FE85}.MinSizeRel|x64.Build.0 = MinSizeRel|x64
		{BF42D5EB-18A0-35D0-A91D-41F3BB13FE85}.RelWithDebInfo|x64.ActiveCfg = RelWithDebInfo|x64
		{BF42D5EB-18A0-35D0-A91D-41F3BB13FE85}.RelWithDebInfo|x64.Build.0 = RelWithDebInfo|x64
		{475E180D-28F9-361C-8937-C633EFF36253}.Debug|x64.ActiveCfg = Debug|x64
		{475E180D-28F9-361C-8937-C633EFF36253}.Debug|x64.Build.0 = Debug|x64
		{475E180D-28F9-361C-8937-C633EFF36253}.Release|x64.ActiveCfg = Release|x64
		{475E180D-28F9-361C-8937-C633EFF36253}.Release|x64.Build.0 = Release|x64
		{475E180D-28F9-361C-8937-C633EFF36253}.MinSizeRel|x64.ActiveCfg = MinSizeRel|x64
		{475E180D-28F9-361C-8937-C633EFF36253}.MinSizeRel|x64.Build.0 = MinSizeRel|x64
		{475E180D-28F9-361C-8937-C633EFF36253}.RelWithDebInfo|x64.ActiveCfg = RelWithDebInfo|x64
		{475E180D-28F9-361C-8937-C633EFF36253}.RelWithDebInfo|x64.Build.0 = RelWithDebInfo|x64
	EndGlobalSection
	GlobalSection(ExtensibilityGlobals) = postSolution
	EndGlobalSection
	GlobalSection(ExtensibilityAddIns) = postSolution
	EndGlobalSection
EndGlobal
